
Microsoft Visual Studio Solution File, Format Version 12.00
# Visual Studio 15
VisualStudioVersion = 15.0.28307.271
MinimumVisualStudioVersion = 10.0.40219.1
Project("{9A19103F-16F7-4668-BE54-9A1E7A4F7556}") = "RelogioDePonto", "RelogioDePonto\RelogioDePonto.csproj", "{7AD8ACBD-6A12-40B1-9906-8637D95BB561}"
EndProject
Project("{9A19103F-16F7-4668-BE54-9A1E7A4F7556}") = "Tests.RelogioDePonto", "Tests\Tests.RelogioDePonto.csproj", "{EC5A97D2-27D7-4275-B155-189AA6F8536F}"
EndProject
Global
	GlobalSection(SolutionConfigurationPlatforms) = preSolution
		Debug|Any CPU = Debug|Any CPU
		Release|Any CPU = Release|Any CPU
	EndGlobalSection
	GlobalSection(ProjectConfigurationPlatforms) = postSolution
		{7AD8ACBD-6A12-40B1-9906-8637D95BB561}.Debug|Any CPU.ActiveCfg = Debug|Any CPU
		{7AD8ACBD-6A12-40B1-9906-8637D95BB561}.Debug|Any CPU.Build.0 = Debug|Any CPU
		{7AD8ACBD-6A12-40B1-9906-8637D95BB561}.Release|Any CPU.ActiveCfg = Release|Any CPU
		{7AD8ACBD-6A12-40B1-9906-8637D95BB561}.Release|Any CPU.Build.0 = Release|Any CPU
		{EC5A97D2-27D7-4275-B155-189AA6F8536F}.Debug|Any CPU.ActiveCfg = Debug|Any CPU
		{EC5A97D2-27D7-4275-B155-189AA6F8536F}.Debug|Any CPU.Build.0 = Debug|Any CPU
		{EC5A97D2-27D7-4275-B155-189AA6F8536F}.Release|Any CPU.ActiveCfg = Release|Any CPU
		{EC5A97D2-27D7-4275-B155-189AA6F8536F}.Release|Any CPU.Build.0 = Release|Any CPU
	EndGlobalSection
	GlobalSection(SolutionProperties) = preSolution
		HideSolutionNode = FALSE
	EndGlobalSection
	GlobalSection(ExtensibilityGlobals) = postSolution
		SolutionGuid = {EDF41D06-EEF0-4168-9D75-0884CAB031B2}
	EndGlobalSection
EndGlobal
